// !$*UTF8*$!
{
	archiveVersion = 1;
	classes = {
	};
	objectVersion = 50;
	objects = {

/* Begin PBXBuildFile section */
		337B9D472131465A0052ADE3 /* AppDelegate.swift in Sources */ = {isa = PBXBuildFile; fileRef = 337B9D462131465A0052ADE3 /* AppDelegate.swift */; };
		337B9D492131465A0052ADE3 /* art.scnassets in Resources */ = {isa = PBXBuildFile; fileRef = 337B9D482131465A0052ADE3 /* art.scnassets */; };
		337B9D4B2131465A0052ADE3 /* ViewController.swift in Sources */ = {isa = PBXBuildFile; fileRef = 337B9D4A2131465A0052ADE3 /* ViewController.swift */; };
		337B9D4E2131465A0052ADE3 /* Main.storyboard in Resources */ = {isa = PBXBuildFile; fileRef = 337B9D4C2131465A0052ADE3 /* Main.storyboard */; };
		337B9D502131465B0052ADE3 /* Assets.xcassets in Resources */ = {isa = PBXBuildFile; fileRef = 337B9D4F2131465B0052ADE3 /* Assets.xcassets */; };
		337B9D532131465B0052ADE3 /* LaunchScreen.storyboard in Resources */ = {isa = PBXBuildFile; fileRef = 337B9D512131465B0052ADE3 /* LaunchScreen.storyboard */; };
		33A9169C2143428500B4E8F4 /* spark.png in Resources */ = {isa = PBXBuildFile; fileRef = 33A9169A2143428500B4E8F4 /* spark.png */; };
		33A9169D2143428500B4E8F4 /* Explosion.scnp in Resources */ = {isa = PBXBuildFile; fileRef = 33A9169B2143428500B4E8F4 /* Explosion.scnp */; };
/* End PBXBuildFile section */

/* Begin PBXFileReference section */
		337B9D432131465A0052ADE3 /* AR tutorial heartbeat.app */ = {isa = PBXFileReference; explicitFileType = wrapper.application; includeInIndex = 0; path = "AR tutorial heartbeat.app"; sourceTree = BUILT_PRODUCTS_DIR; };
		337B9D462131465A0052ADE3 /* AppDelegate.swift */ = {isa = PBXFileReference; lastKnownFileType = sourcecode.swift; path = AppDelegate.swift; sourceTree = "<group>"; };
		337B9D482131465A0052ADE3 /* art.scnassets */ = {isa = PBXFileReference; lastKnownFileType = wrapper.scnassets; path = art.scnassets; sourceTree = "<group>"; };
		337B9D4A2131465A0052ADE3 /* ViewController.swift */ = {isa = PBXFileReference; lastKnownFileType = sourcecode.swift; path = ViewController.swift; sourceTree = "<group>"; };
		337B9D4D2131465A0052ADE3 /* Base */ = {isa = PBXFileReference; lastKnownFileType = file.storyboard; name = Base; path = Base.lproj/Main.storyboard; sourceTree = "<group>"; };
		337B9D4F2131465B0052ADE3 /* Assets.xcassets */ = {isa = PBXFileReference; lastKnownFileType = folder.assetcatalog; path = Assets.xcassets; sourceTree = "<group>"; };
		337B9D522131465B0052ADE3 /* Base */ = {isa = PBXFileReference; lastKnownFileType = file.storyboard; name = Base; path = Base.lproj/LaunchScreen.storyboard; sourceTree = "<group>"; };
		337B9D542131465B0052ADE3 /* Info.plist */ = {isa = PBXFileReference; lastKnownFileType = text.plist.xml; path = Info.plist; sourceTree = "<group>"; };
		33A9169A2143428500B4E8F4 /* spark.png */ = {isa = PBXFileReference; lastKnownFileType = image.png; path = spark.png; sourceTree = "<group>"; };
		33A9169B2143428500B4E8F4 /* Explosion.scnp */ = {isa = PBXFileReference; lastKnownFileType = file.scp; path = Explosion.scnp; sourceTree = "<group>"; };
/* End PBXFileReference section */

/* Begin PBXFrameworksBuildPhase section */
		337B9D402131465A0052ADE3 /* Frameworks */ = {
			isa = PBXFrameworksBuildPhase;
			buildActionMask = 2147483647;
			files = (
			);
			runOnlyForDeploymentPostprocessing = 0;
		};
/* End PBXFrameworksBuildPhase section */

/* Begin PBXGroup section */
		337B9D3A2131465A0052ADE3 = {
			isa = PBXGroup;
			children = (
				337B9D452131465A0052ADE3 /* AR tutorial heartbeat */,
				337B9D442131465A0052ADE3 /* Products */,
			);
			sourceTree = "<group>";
		};
		337B9D442131465A0052ADE3 /* Products */ = {
			isa = PBXGroup;
			children = (
				337B9D432131465A0052ADE3 /* AR tutorial heartbeat.app */,
			);
			name = Products;
			sourceTree = "<group>";
		};
		337B9D452131465A0052ADE3 /* AR tutorial heartbeat */ = {
			isa = PBXGroup;
			children = (
				33A9169A2143428500B4E8F4 /* spark.png */,
				33A9169B2143428500B4E8F4 /* Explosion.scnp */,
				337B9D462131465A0052ADE3 /* AppDelegate.swift */,
				337B9D482131465A0052ADE3 /* art.scnassets */,
				337B9D4A2131465A0052ADE3 /* ViewController.swift */,
				337B9D4C2131465A0052ADE3 /* Main.storyboard */,
				337B9D4F2131465B0052ADE3 /* Assets.xcassets */,
				337B9D512131465B0052ADE3 /* LaunchScreen.storyboard */,
				337B9D542131465B0052ADE3 /* Info.plist */,
			);
			path = "AR tutorial heartbeat";
			sourceTree = "<group>";
		};
/* End PBXGroup section */

/* Begin PBXNativeTarget section */
		337B9D422131465A0052ADE3 /* AR tutorial heartbeat */ = {
			isa = PBXNativeTarget;
			buildConfigurationList = 337B9D572131465B0052ADE3 /* Build configuration list for PBXNativeTarget "AR tutorial heartbeat" */;
			buildPhases = (
				337B9D3F2131465A0052ADE3 /* Sources */,
				337B9D402131465A0052ADE3 /* Frameworks */,
				337B9D412131465A0052ADE3 /* Resources */,
			);
			buildRules = (
			);
			dependencies = (
			);
			name = "AR tutorial heartbeat";
			productName = "AR tutorial heartbeat";
			productReference = 337B9D432131465A0052ADE3 /* AR tutorial heartbeat.app */;
			productType = "com.apple.product-type.application";
		};
/* End PBXNativeTarget section */

/* Begin PBXProject section */
		337B9D3B2131465A0052ADE3 /* Project object */ = {
			isa = PBXProject;
			attributes = {
				LastSwiftUpdateCheck = 0940;
				LastUpgradeCheck = 0940;
				ORGANIZATIONNAME = hendri;
				TargetAttributes = {
					337B9D422131465A0052ADE3 = {
						CreatedOnToolsVersion = 9.4.1;
					};
				};
			};
			buildConfigurationList = 337B9D3E2131465A0052ADE3 /* Build configuration list for PBXProject "AR tutorial heartbeat" */;
			compatibilityVersion = "Xcode 9.3";
			developmentRegion = en;
			hasScannedForEncodings = 0;
			knownRegions = (
				en,
				Base,
			);
			mainGroup = 337B9D3A2131465A0052ADE3;
			productRefGroup = 337B9D442131465A0052ADE3 /* Products */;
			projectDirPath = "";
			projectRoot = "";
			targets = (
				337B9D422131465A0052ADE3 /* AR tutorial heartbeat */,
			);
		};
/* End PBXProject section */

/* Begin PBXResourcesBuildPhase section */
		337B9D412131465A0052ADE3 /* Resources */ = {
			isa = PBXResourcesBuildPhase;
			buildActionMask = 2147483647;
			files = (
				33A9169C2143428500B4E8F4 /* spark.png in Resources */,
				33A9169D2143428500B4E8F4 /* Explosion.scnp in Resources */,
				337B9D492131465A0052ADE3 /* art.scnassets in Resources */,
				337B9D532131465B0052ADE3 /* LaunchScreen.storyboard in Resources */,
				337B9D502131465B0052ADE3 /* Assets.xcassets in Resources */,
				337B9D4E2131465A0052ADE3 /* Main.storyboard in Resources */,
			);
			runOnlyForDeploymentPostprocessing = 0;
		};
/* End PBXResourcesBuildPhase section */

/* Begin PBXSourcesBuildPhase section */
		337B9D3F2131465A0052ADE3 /* Sources */ = {
			isa = PBXSourcesBuildPhase;
			buildActionMask = 2147483647;
			files = (
				337B9D4B2131465A0052ADE3 /* ViewController.swift in Sources */,
				337B9D472131465A0052ADE3 /* AppDelegate.swift in Sources */,
			);
			runOnlyForDeploymentPostprocessing = 0;
		};
/* End PBXSourcesBuildPhase section */

/* Begin PBXVariantGroup section */
		337B9D4C2131465A0052ADE3 /* Main.storyboard */ = {
			isa = PBXVariantGroup;
			children = (
				337B9D4D2131465A0052ADE3 /* Base */,
			);
			name = Main.storyboard;
			sourceTree = "<group>";
		};
		337B9D512131465B0052ADE3 /* LaunchScreen.storyboard */ = {
			isa = PBXVariantGroup;
			children = (
				337B9D522131465B0052ADE3 /* Base */,
			);
			name = LaunchScreen.storyboard;
			sourceTree = "<group>";
		};
/* End PBXVariantGroup section */

/* Begin XCBuildConfiguration section */
		337B9D552131465B0052ADE3 /* Debug */ = {
			isa = XCBuildConfiguration;
			buildSettings = {
				ALWAYS_SEARCH_USER_PATHS = NO;
				CLANG_ANALYZER_NONNULL = YES;
				CLANG_ANALYZER_NUMBER_OBJECT_CONVERSION = YES_AGGRESSIVE;
				CLANG_CXX_LANGUAGE_STANDARD = "gnu++14";
				CLANG_CXX_LIBRARY = "libc++";
				CLANG_ENABLE_MODULES = YES;
				CLANG_ENABLE_OBJC_ARC = YES;
				CLANG_ENABLE_OBJC_WEAK = YES;
				CLANG_WARN_BLOCK_CAPTURE_AUTORELEASING = YES;
				CLANG_WARN_BOOL_CONVERSION = YES;
				CLANG_WARN_COMMA = YES;
				CLANG_WARN_CONSTANT_CONVERSION = YES;
				CLANG_WARN_DEPRECATED_OBJC_IMPLEMENTATIONS = YES;
				CLANG_WARN_DIRECT_OBJC_ISA_USAGE = YES_ERROR;
				CLANG_WARN_DOCUMENTATION_COMMENTS = YES;
				CLANG_WARN_EMPTY_BODY = YES;
				CLANG_WARN_ENUM_CONVERSION = YES;
				CLANG_WARN_INFINITE_RECURSION = YES;
				CLANG_WARN_INT_CONVERSION = YES;
				CLANG_WARN_NON_LITERAL_NULL_CONVERSION = YES;
				CLANG_WARN_OBJC_IMPLICIT_RETAIN_SELF = YES;
				CLANG_WARN_OBJC_LITERAL_CONVERSION = YES;
				CLANG_WARN_OBJC_ROOT_CLASS = YES_ERROR;
				CLANG_WARN_RANGE_LOOP_ANALYSIS = YES;
				CLANG_WARN_STRICT_PROTOTYPES = YES;
				CLANG_WARN_SUSPICIOUS_MOVE = YES;
				CLANG_WARN_UNGUARDED_AVAILABILITY = YES_AGGRESSIVE;
				CLANG_WARN_UNREACHABLE_CODE = YES;
				CLANG_WARN__DUPLICATE_METHOD_MATCH = YES;
				CODE_SIGN_IDENTITY = "iPhone Developer";
				COPY_PHASE_STRIP = NO;
				DEBUG_INFORMATION_FORMAT = dwarf;
				ENABLE_STRICT_OBJC_MSGSEND = YES;
				ENABLE_TESTABILITY = YES;
				GCC_C_LANGUAGE_STANDARD = gnu11;
				GCC_DYNAMIC_NO_PIC = NO;
				GCC_NO_COMMON_BLOCKS = YES;
				GCC_OPTIMIZATION_LEVEL = 0;
				GCC_PREPROCESSOR_DEFINITIONS = (
					"DEBUG=1",
					"$(inherited)",
				);
				GCC_WARN_64_TO_32_BIT_CONVERSION = YES;
				GCC_WARN_ABOUT_RETURN_TYPE = YES_ERROR;
				GCC_WARN_UNDECLARED_SELECTOR = YES;
				GCC_WARN_UNINITIALIZED_AUTOS = YES_AGGRESSIVE;
				GCC_WARN_UNUSED_FUNCTION = YES;
				GCC_WARN_UNUSED_VARIABLE = YES;
				IPHONEOS_DEPLOYMENT_TARGET = 11.4;
				MTL_ENABLE_DEBUG_INFO = YES;
				ONLY_ACTIVE_ARCH = YES;
				SDKROOT = iphoneos;
				SWIFT_ACTIVE_COMPILATION_CONDITIONS = DEBUG;
				SWIFT_OPTIMIZATION_LEVEL = "-Onone";
			};
			name = Debug;
		};
		337B9D562131465B0052ADE3 /* Release */ = {
			isa = XCBuildConfiguration;
			buildSettings = {
				ALWAYS_SEARCH_USER_PATHS = NO;
				CLANG_ANALYZER_NONNULL = YES;
				CLANG_ANALYZER_NUMBER_OBJECT_CONVERSION = YES_AGGRESSIVE;
				CLANG_CXX_LANGUAGE_STANDARD = "gnu++14";
				CLANG_CXX_LIBRARY = "libc++";
				CLANG_ENABLE_MODULES = YES;
				CLANG_ENABLE_OBJC_ARC = YES;
				CLANG_ENABLE_OBJC_WEAK = YES;
				CLANG_WARN_BLOCK_CAPTURE_AUTORELEASING = YES;
				CLANG_WARN_BOOL_CONVERSION = YES;
				CLANG_WARN_COMMA = YES;
				CLANG_WARN_CONSTANT_CONVERSION = YES;
				CLANG_WARN_DEPRECATED_OBJC_IMPLEMENTATIONS = YES;
				CLANG_WARN_DIRECT_OBJC_ISA_USAGE = YES_ERROR;
				CLANG_WARN_DOCUMENTATION_COMMENTS = YES;
				CLANG_WARN_EMPTY_BODY = YES;
				CLANG_WARN_ENUM_CONVERSION = YES;
				CLANG_WARN_INFINITE_RECURSION = YES;
				CLANG_WARN_INT_CONVERSION = YES;
				CLANG_WARN_NON_LITERAL_NULL_CONVERSION = YES;
				CLANG_WARN_OBJC_IMPLICIT_RETAIN_SELF = YES;
				CLANG_WARN_OBJC_LITERAL_CONVERSION = YES;
				CLANG_WARN_OBJC_ROOT_CLASS = YES_ERROR;
				CLANG_WARN_RANGE_LOOP_ANALYSIS = YES;
				CLANG_WARN_STRICT_PROTOTYPES = YES;
				CLANG_WARN_SUSPICIOUS_MOVE = YES;
				CLANG_WARN_UNGUARDED_AVAILABILITY = YES_AGGRESSIVE;
				CLANG_WARN_UNREACHABLE_CODE = YES;
				CLANG_WARN__DUPLICATE_METHOD_MATCH = YES;
				CODE_SIGN_IDENTITY = "iPhone Developer";
				COPY_PHASE_STRIP = NO;
				DEBUG_INFORMATION_FORMAT = "dwarf-with-dsym";
				ENABLE_NS_ASSERTIONS = NO;
				ENABLE_STRICT_OBJC_MSGSEND = YES;
				GCC_C_LANGUAGE_STANDARD = gnu11;
				GCC_NO_COMMON_BLOCKS = YES;
				GCC_WARN_64_TO_32_BIT_CONVERSION = YES;
				GCC_WARN_ABOUT_RETURN_TYPE = YES_ERROR;
				GCC_WARN_UNDECLARED_SELECTOR = YES;
				GCC_WARN_UNINITIALIZED_AUTOS = YES_AGGRESSIVE;
				GCC_WARN_UNUSED_FUNCTION = YES;
				GCC_WARN_UNUSED_VARIABLE = YES;
				IPHONEOS_DEPLOYMENT_TARGET = 11.4;
				MTL_ENABLE_DEBUG_INFO = NO;
				SDKROOT = iphoneos;
				SWIFT_COMPILATION_MODE = wholemodule;
				SWIFT_OPTIMIZATION_LEVEL = "-O";
				VALIDATE_PRODUCT = YES;
			};
			name = Release;
		};
		337B9D582131465B0052ADE3 /* Debug */ = {
			isa = XCBuildConfiguration;
			buildSettings = {
				ASSETCATALOG_COMPILER_APPICON_NAME = AppIcon;
				CODE_SIGN_STYLE = Automatic;
				DEVELOPMENT_TEAM = "";
				INFOPLIST_FILE = "AR tutorial heartbeat/Info.plist";
				LD_RUNPATH_SEARCH_PATHS = (
					"$(inherited)",
					"@executable_path/Frameworks",
				);
				PRODUCT_BUNDLE_IDENTIFIER = "com.madebyyuma.AR-tutorial-heartbeat";
				PRODUCT_NAME = "$(TARGET_NAME)";
				SWIFT_VERSION = 4.0;
				TARGETED_DEVICE_FAMILY = "1,2";
			};
			name = Debug;
		};
		337B9D592131465B0052ADE3 /* Release */ = {
			isa = XCBuildConfiguration;
			buildSettings = {
				ASSETCATALOG_COMPILER_APPICON_NAME = AppIcon;
				CODE_SIGN_STYLE = Automatic;
				DEVELOPMENT_TEAM = "";
				INFOPLIST_FILE = "AR tutorial heartbeat/Info.plist";
				LD_RUNPATH_SEARCH_PATHS = (
					"$(inherited)",
					"@executable_path/Frameworks",
				);
				PRODUCT_BUNDLE_IDENTIFIER = "com.madebyyuma.AR-tutorial-heartbeat";
				PRODUCT_NAME = "$(TARGET_NAME)";
				SWIFT_VERSION = 4.0;
				TARGETED_DEVICE_FAMILY = "1,2";
			};
			name = Release;
		};
/* End XCBuildConfiguration section */

/* Begin XCConfigurationList section */
		337B9D3E2131465A0052ADE3 /* Build configuration list for PBXProject "AR tutorial heartbeat" */ = {
			isa = XCConfigurationList;
			buildConfigurations = (
				337B9D552131465B0052ADE3 /* Debug */,
				337B9D562131465B0052ADE3 /* Release */,
			);
			defaultConfigurationIsVisible = 0;
			defaultConfigurationName = Release;
		};
		337B9D572131465B0052ADE3 /* Build configuration list for PBXNativeTarget "AR tutorial heartbeat" */ = {
			isa = XCConfigurationList;
			buildConfigurations = (
				337B9D582131465B0052ADE3 /* Debug */,
				337B9D592131465B0052ADE3 /* Release */,
			);
			defaultConfigurationIsVisible = 0;
			defaultConfigurationName = Release;
		};
/* End XCConfigurationList section */
	};
	rootObject = 337B9D3B2131465A0052ADE3 /* Project object */;
}
